{
  "nodes": {
    "nixpkgs": {
      "locked": {
        "lastModified": 1744680898,
        "narHash": "sha256-znbuzkUjVCJwwglNFwuWmkowlfIWoUdL2VcN6yRzzxs=",
        "owner": "NixOS",
        "repo": "nixpkgs",
        "rev": "ca01556b640ed561bb7580cb023f81b1d6865a6c",
        "type": "github"
      },
      "original": {
        "owner": "NixOS",
        "repo": "nixpkgs",
        "type": "github"
      }
    },
    "root": {
      "inputs": {
        "nixpkgs": "nixpkgs"
      }
    }
  },
  "root": "root",
  "version": 7
}
